
Microsoft Visual Studio Solution File, Format Version 12.00
# Visual Studio Version 17
VisualStudioVersion = 17.3.32929.385
MinimumVisualStudioVersion = 10.0.40219.1
Project("{2150E333-8FDC-42A3-9474-1A3956D46DE8}") = "src", "src", "{FB990DB2-6228-4E0C-ADD0-3FA882E1F028}"
EndProject
Project("{2150E333-8FDC-42A3-9474-1A3956D46DE8}") = "Api", "Api", "{150ACC64-F865-45E7-AFAE-8D606443573D}"
EndProject
Project("{2150E333-8FDC-42A3-9474-1A3956D46DE8}") = "Common", "Common", "{11D20F99-710C-4A89-A8A7-51D575AC1B0E}"
EndProject
Project("{2150E333-8FDC-42A3-9474-1A3956D46DE8}") = "Clients", "Clients", "{E43F8C93-ADA5-4A50-980C-2EA8437B50C6}"
EndProject
Project("{2150E333-8FDC-42A3-9474-1A3956D46DE8}") = "Projections", "Projections", "{61F5938E-4FD9-4588-BC70-29A095C6C76C}"
EndProject
Project("{2150E333-8FDC-42A3-9474-1A3956D46DE8}") = "Core", "Core", "{74B48ED6-1BCB-4190-95E7-2CB5010C8411}"
EndProject
Project("{2150E333-8FDC-42A3-9474-1A3956D46DE8}") = "WebApi", "WebApi", "{1883F28C-F826-442E-94B0-541546123028}"
EndProject
Project("{2150E333-8FDC-42A3-9474-1A3956D46DE8}") = "Infrastructure", "Infrastructure", "{F91F2B45-254C-4276-9BF8-E5BC4B85CE11}"
EndProject
Project("{2150E333-8FDC-42A3-9474-1A3956D46DE8}") = "BlazorWeb", "BlazorWeb", "{62028F8C-23AE-4F5B-92B8-894A40DB0CCB}"
EndProject
Project("{9A19103F-16F7-4668-BE54-9A1E7A4F7556}") = "BlazorSozluk.Common", "src\Common\BlazorSozluk.Common\BlazorSozluk.Common.csproj", "{7D9B9E77-CD26-43AF-94C8-77B6EBA87157}"
EndProject
Project("{9A19103F-16F7-4668-BE54-9A1E7A4F7556}") = "BlazorSozluk.Api.Domain", "src\Api\Core\BlazorSozluk.Api.Domain\BlazorSozluk.Api.Domain.csproj", "{8DA788F2-E089-4AFF-8F25-F3CA49CEB2DC}"
EndProject
Project("{9A19103F-16F7-4668-BE54-9A1E7A4F7556}") = "BlazorSozluk.Api.Application", "src\Api\Core\BlazorSozluk.Api.Application\BlazorSozluk.Api.Application.csproj", "{1B66D2AF-AC25-49E3-A9D4-0B6AE7F34A58}"
EndProject
Project("{9A19103F-16F7-4668-BE54-9A1E7A4F7556}") = "BlazorSozluk.Infrastructure.Persistence", "src\Api\Infrastructure\BlazorSozluk.Infrastructure.Persistence\BlazorSozluk.Infrastructure.Persistence.csproj", "{55C3B99E-BC8A-4F16-99B6-1981F3B1CAFD}"
EndProject
Project("{9A19103F-16F7-4668-BE54-9A1E7A4F7556}") = "BlazorSozluk.Api.WebApi", "src\Api\WebApi\BlazorSozluk.Api.WebApi\BlazorSozluk.Api.WebApi.csproj", "{2E767174-3BE3-416A-B7FC-A2338868BEEA}"
EndProject
Project("{9A19103F-16F7-4668-BE54-9A1E7A4F7556}") = "BlazorSozluk.Projections.FavoriteService", "src\Projections\BlazorSozluk.Projections.FavoriteService\BlazorSozluk.Projections.FavoriteService.csproj", "{55F5F26C-DE86-472A-9BA3-0706032D100F}"
EndProject
Project("{9A19103F-16F7-4668-BE54-9A1E7A4F7556}") = "BlazorSozluk.Projections.VoteService", "src\Projections\BlazorSozluk.Projections.VoteService\BlazorSozluk.Projections.VoteService.csproj", "{62E87E48-52E2-40F9-97DF-3AA2761DC2F9}"
EndProject
Project("{FAE04EC0-301F-11D3-BF4B-00C04F79EFBC}") = "BlazorSozluk.Projections.UserService", "src\Projections\BlazorSozluk.Projections.UserService\BlazorSozluk.Projections.UserService.csproj", "{605BF405-8A24-42DF-9858-0FDBBF1C2DF7}"
EndProject
Project("{FAE04EC0-301F-11D3-BF4B-00C04F79EFBC}") = "BlazorSozluk.WebApp", "src\Clients\BlazorWeb\BlazorSozluk.WebApp\BlazorSozluk.WebApp.csproj", "{12B68B01-AB00-4ADF-B818-2660D9B78B2A}"
EndProject
Global
	GlobalSection(SolutionConfigurationPlatforms) = preSolution
		Debug|Any CPU = Debug|Any CPU
		Release|Any CPU = Release|Any CPU
	EndGlobalSection
	GlobalSection(ProjectConfigurationPlatforms) = postSolution
		{7D9B9E77-CD26-43AF-94C8-77B6EBA87157}.Debug|Any CPU.ActiveCfg = Debug|Any CPU
		{7D9B9E77-CD26-43AF-94C8-77B6EBA87157}.Debug|Any CPU.Build.0 = Debug|Any CPU
		{7D9B9E77-CD26-43AF-94C8-77B6EBA87157}.Release|Any CPU.ActiveCfg = Release|Any CPU
		{7D9B9E77-CD26-43AF-94C8-77B6EBA87157}.Release|Any CPU.Build.0 = Release|Any CPU
		{8DA788F2-E089-4AFF-8F25-F3CA49CEB2DC}.Debug|Any CPU.ActiveCfg = Debug|Any CPU
		{8DA788F2-E089-4AFF-8F25-F3CA49CEB2DC}.Debug|Any CPU.Build.0 = Debug|Any CPU
		{8DA788F2-E089-4AFF-8F25-F3CA49CEB2DC}.Release|Any CPU.ActiveCfg = Release|Any CPU
		{8DA788F2-E089-4AFF-8F25-F3CA49CEB2DC}.Release|Any CPU.Build.0 = Release|Any CPU
		{1B66D2AF-AC25-49E3-A9D4-0B6AE7F34A58}.Debug|Any CPU.ActiveCfg = Debug|Any CPU
		{1B66D2AF-AC25-49E3-A9D4-0B6AE7F34A58}.Debug|Any CPU.Build.0 = Debug|Any CPU
		{1B66D2AF-AC25-49E3-A9D4-0B6AE7F34A58}.Release|Any CPU.ActiveCfg = Release|Any CPU
		{1B66D2AF-AC25-49E3-A9D4-0B6AE7F34A58}.Release|Any CPU.Build.0 = Release|Any CPU
		{55C3B99E-BC8A-4F16-99B6-1981F3B1CAFD}.Debug|Any CPU.ActiveCfg = Debug|Any CPU
		{55C3B99E-BC8A-4F16-99B6-1981F3B1CAFD}.Debug|Any CPU.Build.0 = Debug|Any CPU
		{55C3B99E-BC8A-4F16-99B6-1981F3B1CAFD}.Release|Any CPU.ActiveCfg = Release|Any CPU
		{55C3B99E-BC8A-4F16-99B6-1981F3B1CAFD}.Release|Any CPU.Build.0 = Release|Any CPU
		{2E767174-3BE3-416A-B7FC-A2338868BEEA}.Debug|Any CPU.ActiveCfg = Debug|Any CPU
		{2E767174-3BE3-416A-B7FC-A2338868BEEA}.Debug|Any CPU.Build.0 = Debug|Any CPU
		{2E767174-3BE3-416A-B7FC-A2338868BEEA}.Release|Any CPU.ActiveCfg = Release|Any CPU
		{2E767174-3BE3-416A-B7FC-A2338868BEEA}.Release|Any CPU.Build.0 = Release|Any CPU
		{55F5F26C-DE86-472A-9BA3-0706032D100F}.Debug|Any CPU.ActiveCfg = Debug|Any CPU
		{55F5F26C-DE86-472A-9BA3-0706032D100F}.Debug|Any CPU.Build.0 = Debug|Any CPU
		{55F5F26C-DE86-472A-9BA3-0706032D100F}.Release|Any CPU.ActiveCfg = Release|Any CPU
		{55F5F26C-DE86-472A-9BA3-0706032D100F}.Release|Any CPU.Build.0 = Release|Any CPU
		{62E87E48-52E2-40F9-97DF-3AA2761DC2F9}.Debug|Any CPU.ActiveCfg = Debug|Any CPU
		{62E87E48-52E2-40F9-97DF-3AA2761DC2F9}.Debug|Any CPU.Build.0 = Debug|Any CPU
		{62E87E48-52E2-40F9-97DF-3AA2761DC2F9}.Release|Any CPU.ActiveCfg = Release|Any CPU
		{62E87E48-52E2-40F9-97DF-3AA2761DC2F9}.Release|Any CPU.Build.0 = Release|Any CPU
		{605BF405-8A24-42DF-9858-0FDBBF1C2DF7}.Debug|Any CPU.ActiveCfg = Debug|Any CPU
		{605BF405-8A24-42DF-9858-0FDBBF1C2DF7}.Debug|Any CPU.Build.0 = Debug|Any CPU
		{605BF405-8A24-42DF-9858-0FDBBF1C2DF7}.Release|Any CPU.ActiveCfg = Release|Any CPU
		{605BF405-8A24-42DF-9858-0FDBBF1C2DF7}.Release|Any CPU.Build.0 = Release|Any CPU
		{12B68B01-AB00-4ADF-B818-2660D9B78B2A}.Debug|Any CPU.ActiveCfg = Debug|Any CPU
		{12B68B01-AB00-4ADF-B818-2660D9B78B2A}.Debug|Any CPU.Build.0 = Debug|Any CPU
		{12B68B01-AB00-4ADF-B818-2660D9B78B2A}.Release|Any CPU.ActiveCfg = Release|Any CPU
		{12B68B01-AB00-4ADF-B818-2660D9B78B2A}.Release|Any CPU.Build.0 = Release|Any CPU
	EndGlobalSection
	GlobalSection(SolutionProperties) = preSolution
		HideSolutionNode = FALSE
	EndGlobalSection
	GlobalSection(NestedProjects) = preSolution
		{150ACC64-F865-45E7-AFAE-8D606443573D} = {FB990DB2-6228-4E0C-ADD0-3FA882E1F028}
		{11D20F99-710C-4A89-A8A7-51D575AC1B0E} = {FB990DB2-6228-4E0C-ADD0-3FA882E1F028}
		{E43F8C93-ADA5-4A50-980C-2EA8437B50C6} = {FB990DB2-6228-4E0C-ADD0-3FA882E1F028}
		{61F5938E-4FD9-4588-BC70-29A095C6C76C} = {FB990DB2-6228-4E0C-ADD0-3FA882E1F028}
		{74B48ED6-1BCB-4190-95E7-2CB5010C8411} = {150ACC64-F865-45E7-AFAE-8D606443573D}
		{1883F28C-F826-442E-94B0-541546123028} = {150ACC64-F865-45E7-AFAE-8D606443573D}
		{F91F2B45-254C-4276-9BF8-E5BC4B85CE11} = {150ACC64-F865-45E7-AFAE-8D606443573D}
		{62028F8C-23AE-4F5B-92B8-894A40DB0CCB} = {E43F8C93-ADA5-4A50-980C-2EA8437B50C6}
		{7D9B9E77-CD26-43AF-94C8-77B6EBA87157} = {11D20F99-710C-4A89-A8A7-51D575AC1B0E}
		{8DA788F2-E089-4AFF-8F25-F3CA49CEB2DC} = {74B48ED6-1BCB-4190-95E7-2CB5010C8411}
		{1B66D2AF-AC25-49E3-A9D4-0B6AE7F34A58} = {74B48ED6-1BCB-4190-95E7-2CB5010C8411}
		{55C3B99E-BC8A-4F16-99B6-1981F3B1CAFD} = {F91F2B45-254C-4276-9BF8-E5BC4B85CE11}
		{2E767174-3BE3-416A-B7FC-A2338868BEEA} = {1883F28C-F826-442E-94B0-541546123028}
		{55F5F26C-DE86-472A-9BA3-0706032D100F} = {61F5938E-4FD9-4588-BC70-29A095C6C76C}
		{62E87E48-52E2-40F9-97DF-3AA2761DC2F9} = {61F5938E-4FD9-4588-BC70-29A095C6C76C}
		{605BF405-8A24-42DF-9858-0FDBBF1C2DF7} = {61F5938E-4FD9-4588-BC70-29A095C6C76C}
		{12B68B01-AB00-4ADF-B818-2660D9B78B2A} = {62028F8C-23AE-4F5B-92B8-894A40DB0CCB}
	EndGlobalSection
	GlobalSection(ExtensibilityGlobals) = postSolution
		SolutionGuid = {49270501-32E0-4D88-8AA6-E7E9A4D20BC6}
	EndGlobalSection
EndGlobal
